// !$*UTF8*$!
{
	archiveVersion = 1;
	classes = {
	};
	objectVersion = 56;
	objects = {

/* Begin PBXBuildFile section */
		0A9D434129B0D33500BAFE54 /* WeatherAppApp.swift in Sources */ = {isa = PBXBuildFile; fileRef = 0A9D434029B0D33500BAFE54 /* WeatherAppApp.swift */; };
		0A9D434529B0D33700BAFE54 /* Assets.xcassets in Resources */ = {isa = PBXBuildFile; fileRef = 0A9D434429B0D33700BAFE54 /* Assets.xcassets */; };
		0A9D434829B0D33700BAFE54 /* Preview Assets.xcassets in Resources */ = {isa = PBXBuildFile; fileRef = 0A9D434729B0D33700BAFE54 /* Preview Assets.xcassets */; };
		0A9D435A29B0D5CF00BAFE54 /* WelcomeView.swift in Sources */ = {isa = PBXBuildFile; fileRef = 0A9D435929B0D5CF00BAFE54 /* WelcomeView.swift */; };
		0A9D435D29B0D61200BAFE54 /* Resources.swift in Sources */ = {isa = PBXBuildFile; fileRef = 0A9D435C29B0D61200BAFE54 /* Resources.swift */; };
		0A9D436929B0E89500BAFE54 /* WeatherView.swift in Sources */ = {isa = PBXBuildFile; fileRef = 0A9D436829B0E89500BAFE54 /* WeatherView.swift */; };
		0A9D436C29B0E92800BAFE54 /* CachedAsyncImage in Frameworks */ = {isa = PBXBuildFile; productRef = 0A9D436B29B0E92800BAFE54 /* CachedAsyncImage */; };
		0A9D436E29B0EB9800BAFE54 /* WeatherModel.swift in Sources */ = {isa = PBXBuildFile; fileRef = 0A9D436D29B0EB9800BAFE54 /* WeatherModel.swift */; };
		0A9D437329B0F38C00BAFE54 /* WeatherInfo.swift in Sources */ = {isa = PBXBuildFile; fileRef = 0A9D437229B0F38C00BAFE54 /* WeatherInfo.swift */; };
		0A9D437829B0F94400BAFE54 /* FetchWeatherUseCase.swift in Sources */ = {isa = PBXBuildFile; fileRef = 0A9D437729B0F94400BAFE54 /* FetchWeatherUseCase.swift */; };
		0A9D437A29B0F9CB00BAFE54 /* WeatherError.swift in Sources */ = {isa = PBXBuildFile; fileRef = 0A9D437929B0F9CB00BAFE54 /* WeatherError.swift */; };
		0A9D437C29B0FA3100BAFE54 /* WeatherRepositoryProtocol.swift in Sources */ = {isa = PBXBuildFile; fileRef = 0A9D437B29B0FA3100BAFE54 /* WeatherRepositoryProtocol.swift */; };
		0A9D437F29B1011300BAFE54 /* WeatherRepository.swift in Sources */ = {isa = PBXBuildFile; fileRef = 0A9D437E29B1011300BAFE54 /* WeatherRepository.swift */; };
		0A9D438229B1055900BAFE54 /* WeatherViewModel.swift in Sources */ = {isa = PBXBuildFile; fileRef = 0A9D438129B1055900BAFE54 /* WeatherViewModel.swift */; };
		0A9D438529B1077900BAFE54 /* FetchState.swift in Sources */ = {isa = PBXBuildFile; fileRef = 0A9D438429B1077900BAFE54 /* FetchState.swift */; };
		0A9D438729B10B3600BAFE54 /* Mock.swift in Sources */ = {isa = PBXBuildFile; fileRef = 0A9D438629B10B3600BAFE54 /* Mock.swift */; };
		0A9D438929B1342400BAFE54 /* LocationManager.swift in Sources */ = {isa = PBXBuildFile; fileRef = 0A9D438829B1342400BAFE54 /* LocationManager.swift */; };
		0A9D438D29B13A1200BAFE54 /* ContentView.swift in Sources */ = {isa = PBXBuildFile; fileRef = 0A9D438C29B13A1200BAFE54 /* ContentView.swift */; };
		0A9D438F29B1443B00BAFE54 /* LoadingView.swift in Sources */ = {isa = PBXBuildFile; fileRef = 0A9D438E29B1443B00BAFE54 /* LoadingView.swift */; };
/* End PBXBuildFile section */

/* Begin PBXFileReference section */
		0A9D433D29B0D33500BAFE54 /* WeatherApp.app */ = {isa = PBXFileReference; explicitFileType = wrapper.application; includeInIndex = 0; path = WeatherApp.app; sourceTree = BUILT_PRODUCTS_DIR; };
		0A9D434029B0D33500BAFE54 /* WeatherAppApp.swift */ = {isa = PBXFileReference; lastKnownFileType = sourcecode.swift; path = WeatherAppApp.swift; sourceTree = "<group>"; };
		0A9D434429B0D33700BAFE54 /* Assets.xcassets */ = {isa = PBXFileReference; lastKnownFileType = folder.assetcatalog; path = Assets.xcassets; sourceTree = "<group>"; };
		0A9D434729B0D33700BAFE54 /* Preview Assets.xcassets */ = {isa = PBXFileReference; lastKnownFileType = folder.assetcatalog; path = "Preview Assets.xcassets"; sourceTree = "<group>"; };
		0A9D435929B0D5CF00BAFE54 /* WelcomeView.swift */ = {isa = PBXFileReference; lastKnownFileType = sourcecode.swift; path = WelcomeView.swift; sourceTree = "<group>"; };
		0A9D435C29B0D61200BAFE54 /* Resources.swift */ = {isa = PBXFileReference; lastKnownFileType = sourcecode.swift; path = Resources.swift; sourceTree = "<group>"; };
		0A9D436829B0E89500BAFE54 /* WeatherView.swift */ = {isa = PBXFileReference; lastKnownFileType = sourcecode.swift; path = WeatherView.swift; sourceTree = "<group>"; };
		0A9D436D29B0EB9800BAFE54 /* WeatherModel.swift */ = {isa = PBXFileReference; lastKnownFileType = sourcecode.swift; path = WeatherModel.swift; sourceTree = "<group>"; };
		0A9D437229B0F38C00BAFE54 /* WeatherInfo.swift */ = {isa = PBXFileReference; lastKnownFileType = sourcecode.swift; path = WeatherInfo.swift; sourceTree = "<group>"; };
		0A9D437729B0F94400BAFE54 /* FetchWeatherUseCase.swift */ = {isa = PBXFileReference; lastKnownFileType = sourcecode.swift; path = FetchWeatherUseCase.swift; sourceTree = "<group>"; };
		0A9D437929B0F9CB00BAFE54 /* WeatherError.swift */ = {isa = PBXFileReference; lastKnownFileType = sourcecode.swift; path = WeatherError.swift; sourceTree = "<group>"; };
		0A9D437B29B0FA3100BAFE54 /* WeatherRepositoryProtocol.swift */ = {isa = PBXFileReference; lastKnownFileType = sourcecode.swift; path = WeatherRepositoryProtocol.swift; sourceTree = "<group>"; };
		0A9D437E29B1011300BAFE54 /* WeatherRepository.swift */ = {isa = PBXFileReference; lastKnownFileType = sourcecode.swift; path = WeatherRepository.swift; sourceTree = "<group>"; };
		0A9D438129B1055900BAFE54 /* WeatherViewModel.swift */ = {isa = PBXFileReference; lastKnownFileType = sourcecode.swift; path = WeatherViewModel.swift; sourceTree = "<group>"; };
		0A9D438429B1077900BAFE54 /* FetchState.swift */ = {isa = PBXFileReference; lastKnownFileType = sourcecode.swift; path = FetchState.swift; sourceTree = "<group>"; };
		0A9D438629B10B3600BAFE54 /* Mock.swift */ = {isa = PBXFileReference; lastKnownFileType = sourcecode.swift; path = Mock.swift; sourceTree = "<group>"; };
		0A9D438829B1342400BAFE54 /* LocationManager.swift */ = {isa = PBXFileReference; lastKnownFileType = sourcecode.swift; path = LocationManager.swift; sourceTree = "<group>"; };
		0A9D438C29B13A1200BAFE54 /* ContentView.swift */ = {isa = PBXFileReference; lastKnownFileType = sourcecode.swift; path = ContentView.swift; sourceTree = "<group>"; };
		0A9D438E29B1443B00BAFE54 /* LoadingView.swift */ = {isa = PBXFileReference; lastKnownFileType = sourcecode.swift; path = LoadingView.swift; sourceTree = "<group>"; };
/* End PBXFileReference section */

/* Begin PBXFrameworksBuildPhase section */
		0A9D433A29B0D33500BAFE54 /* Frameworks */ = {
			isa = PBXFrameworksBuildPhase;
			buildActionMask = 2147483647;
			files = (
				0A9D436C29B0E92800BAFE54 /* CachedAsyncImage in Frameworks */,
			);
			runOnlyForDeploymentPostprocessing = 0;
		};
/* End PBXFrameworksBuildPhase section */

/* Begin PBXGroup section */
		0A9D433429B0D33500BAFE54 = {
			isa = PBXGroup;
			children = (
				0A9D433F29B0D33500BAFE54 /* WeatherApp */,
				0A9D433E29B0D33500BAFE54 /* Products */,
			);
			sourceTree = "<group>";
		};
		0A9D433E29B0D33500BAFE54 /* Products */ = {
			isa = PBXGroup;
			children = (
				0A9D433D29B0D33500BAFE54 /* WeatherApp.app */,
			);
			name = Products;
			sourceTree = "<group>";
		};
		0A9D433F29B0D33500BAFE54 /* WeatherApp */ = {
			isa = PBXGroup;
			children = (
				0A9D434029B0D33500BAFE54 /* WeatherAppApp.swift */,
				0A9D438C29B13A1200BAFE54 /* ContentView.swift */,
				0A9D436529B0E86500BAFE54 /* WeatherView */,
				0A9D434E29B0D44D00BAFE54 /* WelcomeView */,
				0A9D438329B1076B00BAFE54 /* Utils */,
				0A9D435B29B0D5F400BAFE54 /* Resources */,
				0A9D434429B0D33700BAFE54 /* Assets.xcassets */,
				0A9D434629B0D33700BAFE54 /* Preview Content */,
			);
			path = WeatherApp;
			sourceTree = "<group>";
		};
		0A9D434629B0D33700BAFE54 /* Preview Content */ = {
			isa = PBXGroup;
			children = (
				0A9D438629B10B3600BAFE54 /* Mock.swift */,
				0A9D434729B0D33700BAFE54 /* Preview Assets.xcassets */,
			);
			path = "Preview Content";
			sourceTree = "<group>";
		};
		0A9D434E29B0D44D00BAFE54 /* WelcomeView */ = {
			isa = PBXGroup;
			children = (
				0A9D435129B0D48B00BAFE54 /* Presentation */,
			);
			path = WelcomeView;
			sourceTree = "<group>";
		};
		0A9D435129B0D48B00BAFE54 /* Presentation */ = {
			isa = PBXGroup;
			children = (
				0A9D435729B0D56E00BAFE54 /* Views */,
			);
			path = Presentation;
			sourceTree = "<group>";
		};
		0A9D435729B0D56E00BAFE54 /* Views */ = {
			isa = PBXGroup;
			children = (
				0A9D435929B0D5CF00BAFE54 /* WelcomeView.swift */,
			);
			path = Views;
			sourceTree = "<group>";
		};
		0A9D435B29B0D5F400BAFE54 /* Resources */ = {
			isa = PBXGroup;
			children = (
				0A9D435C29B0D61200BAFE54 /* Resources.swift */,
			);
			path = Resources;
			sourceTree = "<group>";
		};
		0A9D436529B0E86500BAFE54 /* WeatherView */ = {
			isa = PBXGroup;
			children = (
				0A9D436629B0E87600BAFE54 /* Presentation */,
				0A9D437429B0F8F000BAFE54 /* Domain */,
				0A9D437D29B1010400BAFE54 /* Data */,
			);
			path = WeatherView;
			sourceTree = "<group>";
		};
		0A9D436629B0E87600BAFE54 /* Presentation */ = {
			isa = PBXGroup;
			children = (
				0A9D436729B0E88900BAFE54 /* Views */,
				0A9D438029B1054A00BAFE54 /* Viewmodels */,
			);
			path = Presentation;
			sourceTree = "<group>";
		};
		0A9D436729B0E88900BAFE54 /* Views */ = {
			isa = PBXGroup;
			children = (
				0A9D437229B0F38C00BAFE54 /* WeatherInfo.swift */,
				0A9D436829B0E89500BAFE54 /* WeatherView.swift */,
			);
			path = Views;
			sourceTree = "<group>";
		};
		0A9D437429B0F8F000BAFE54 /* Domain */ = {
			isa = PBXGroup;
			children = (
				0A9D437529B0F90200BAFE54 /* Models */,
				0A9D437729B0F94400BAFE54 /* FetchWeatherUseCase.swift */,
				0A9D437B29B0FA3100BAFE54 /* WeatherRepositoryProtocol.swift */,
			);
			path = Domain;
			sourceTree = "<group>";
		};
		0A9D437529B0F90200BAFE54 /* Models */ = {
			isa = PBXGroup;
			children = (
				0A9D436D29B0EB9800BAFE54 /* WeatherModel.swift */,
				0A9D437929B0F9CB00BAFE54 /* WeatherError.swift */,
			);
			path = Models;
			sourceTree = "<group>";
		};
		0A9D437D29B1010400BAFE54 /* Data */ = {
			isa = PBXGroup;
			children = (
				0A9D437E29B1011300BAFE54 /* WeatherRepository.swift */,
			);
			path = Data;
			sourceTree = "<group>";
		};
		0A9D438029B1054A00BAFE54 /* Viewmodels */ = {
			isa = PBXGroup;
			children = (
				0A9D438129B1055900BAFE54 /* WeatherViewModel.swift */,
			);
			path = Viewmodels;
			sourceTree = "<group>";
		};
		0A9D438329B1076B00BAFE54 /* Utils */ = {
			isa = PBXGroup;
			children = (
				0A9D438E29B1443B00BAFE54 /* LoadingView.swift */,
				0A9D438429B1077900BAFE54 /* FetchState.swift */,
				0A9D438829B1342400BAFE54 /* LocationManager.swift */,
			);
			path = Utils;
			sourceTree = "<group>";
		};
/* End PBXGroup section */

/* Begin PBXNativeTarget section */
		0A9D433C29B0D33500BAFE54 /* WeatherApp */ = {
			isa = PBXNativeTarget;
			buildConfigurationList = 0A9D434B29B0D33700BAFE54 /* Build configuration list for PBXNativeTarget "WeatherApp" */;
			buildPhases = (
				0A9D433929B0D33500BAFE54 /* Sources */,
				0A9D433A29B0D33500BAFE54 /* Frameworks */,
				0A9D433B29B0D33500BAFE54 /* Resources */,
			);
			buildRules = (
			);
			dependencies = (
			);
			name = WeatherApp;
			packageProductDependencies = (
				0A9D436B29B0E92800BAFE54 /* CachedAsyncImage */,
			);
			productName = WeatherApp;
			productReference = 0A9D433D29B0D33500BAFE54 /* WeatherApp.app */;
			productType = "com.apple.product-type.application";
		};
/* End PBXNativeTarget section */

/* Begin PBXProject section */
		0A9D433529B0D33500BAFE54 /* Project object */ = {
			isa = PBXProject;
			attributes = {
				BuildIndependentTargetsInParallel = 1;
				LastSwiftUpdateCheck = 1420;
				LastUpgradeCheck = 1420;
				TargetAttributes = {
					0A9D433C29B0D33500BAFE54 = {
						CreatedOnToolsVersion = 14.2;
					};
				};
			};
			buildConfigurationList = 0A9D433829B0D33500BAFE54 /* Build configuration list for PBXProject "WeatherApp" */;
			compatibilityVersion = "Xcode 14.0";
			developmentRegion = en;
			hasScannedForEncodings = 0;
			knownRegions = (
				en,
				Base,
			);
			mainGroup = 0A9D433429B0D33500BAFE54;
			packageReferences = (
				0A9D436A29B0E92800BAFE54 /* XCRemoteSwiftPackageReference "swiftui-cached-async-image" */,
			);
			productRefGroup = 0A9D433E29B0D33500BAFE54 /* Products */;
			projectDirPath = "";
			projectRoot = "";
			targets = (
				0A9D433C29B0D33500BAFE54 /* WeatherApp */,
			);
		};
/* End PBXProject section */

/* Begin PBXResourcesBuildPhase section */
		0A9D433B29B0D33500BAFE54 /* Resources */ = {
			isa = PBXResourcesBuildPhase;
			buildActionMask = 2147483647;
			files = (
				0A9D434829B0D33700BAFE54 /* Preview Assets.xcassets in Resources */,
				0A9D434529B0D33700BAFE54 /* Assets.xcassets in Resources */,
			);
			runOnlyForDeploymentPostprocessing = 0;
		};
/* End PBXResourcesBuildPhase section */

/* Begin PBXSourcesBuildPhase section */
		0A9D433929B0D33500BAFE54 /* Sources */ = {
			isa = PBXSourcesBuildPhase;
			buildActionMask = 2147483647;
			files = (
				0A9D435D29B0D61200BAFE54 /* Resources.swift in Sources */,
				0A9D435A29B0D5CF00BAFE54 /* WelcomeView.swift in Sources */,
				0A9D438D29B13A1200BAFE54 /* ContentView.swift in Sources */,
				0A9D438F29B1443B00BAFE54 /* LoadingView.swift in Sources */,
				0A9D437F29B1011300BAFE54 /* WeatherRepository.swift in Sources */,
				0A9D438229B1055900BAFE54 /* WeatherViewModel.swift in Sources */,
				0A9D437C29B0FA3100BAFE54 /* WeatherRepositoryProtocol.swift in Sources */,
				0A9D437329B0F38C00BAFE54 /* WeatherInfo.swift in Sources */,
				0A9D434129B0D33500BAFE54 /* WeatherAppApp.swift in Sources */,
				0A9D437829B0F94400BAFE54 /* FetchWeatherUseCase.swift in Sources */,
				0A9D436929B0E89500BAFE54 /* WeatherView.swift in Sources */,
				0A9D436E29B0EB9800BAFE54 /* WeatherModel.swift in Sources */,
				0A9D438929B1342400BAFE54 /* LocationManager.swift in Sources */,
				0A9D437A29B0F9CB00BAFE54 /* WeatherError.swift in Sources */,
				0A9D438729B10B3600BAFE54 /* Mock.swift in Sources */,
				0A9D438529B1077900BAFE54 /* FetchState.swift in Sources */,
			);
			runOnlyForDeploymentPostprocessing = 0;
		};
/* End PBXSourcesBuildPhase section */

/* Begin XCBuildConfiguration section */
		0A9D434929B0D33700BAFE54 /* Debug */ = {
			isa = XCBuildConfiguration;
			buildSettings = {
				ALWAYS_SEARCH_USER_PATHS = NO;
				CLANG_ANALYZER_NONNULL = YES;
				CLANG_ANALYZER_NUMBER_OBJECT_CONVERSION = YES_AGGRESSIVE;
				CLANG_CXX_LANGUAGE_STANDARD = "gnu++20";
				CLANG_ENABLE_MODULES = YES;
				CLANG_ENABLE_OBJC_ARC = YES;
				CLANG_ENABLE_OBJC_WEAK = YES;
				CLANG_WARN_BLOCK_CAPTURE_AUTORELEASING = YES;
				CLANG_WARN_BOOL_CONVERSION = YES;
				CLANG_WARN_COMMA = YES;
				CLANG_WARN_CONSTANT_CONVERSION = YES;
				CLANG_WARN_DEPRECATED_OBJC_IMPLEMENTATIONS = YES;
				CLANG_WARN_DIRECT_OBJC_ISA_USAGE = YES_ERROR;
				CLANG_WARN_DOCUMENTATION_COMMENTS = YES;
				CLANG_WARN_EMPTY_BODY = YES;
				CLANG_WARN_ENUM_CONVERSION = YES;
				CLANG_WARN_INFINITE_RECURSION = YES;
				CLANG_WARN_INT_CONVERSION = YES;
				CLANG_WARN_NON_LITERAL_NULL_CONVERSION = YES;
				CLANG_WARN_OBJC_IMPLICIT_RETAIN_SELF = YES;
				CLANG_WARN_OBJC_LITERAL_CONVERSION = YES;
				CLANG_WARN_OBJC_ROOT_CLASS = YES_ERROR;
				CLANG_WARN_QUOTED_INCLUDE_IN_FRAMEWORK_HEADER = YES;
				CLANG_WARN_RANGE_LOOP_ANALYSIS = YES;
				CLANG_WARN_STRICT_PROTOTYPES = YES;
				CLANG_WARN_SUSPICIOUS_MOVE = YES;
				CLANG_WARN_UNGUARDED_AVAILABILITY = YES_AGGRESSIVE;
				CLANG_WARN_UNREACHABLE_CODE = YES;
				CLANG_WARN__DUPLICATE_METHOD_MATCH = YES;
				COPY_PHASE_STRIP = NO;
				DEBUG_INFORMATION_FORMAT = dwarf;
				ENABLE_STRICT_OBJC_MSGSEND = YES;
				ENABLE_TESTABILITY = YES;
				GCC_C_LANGUAGE_STANDARD = gnu11;
				GCC_DYNAMIC_NO_PIC = NO;
				GCC_NO_COMMON_BLOCKS = YES;
				GCC_OPTIMIZATION_LEVEL = 0;
				GCC_PREPROCESSOR_DEFINITIONS = (
					"DEBUG=1",
					"$(inherited)",
				);
				GCC_WARN_64_TO_32_BIT_CONVERSION = YES;
				GCC_WARN_ABOUT_RETURN_TYPE = YES_ERROR;
				GCC_WARN_UNDECLARED_SELECTOR = YES;
				GCC_WARN_UNINITIALIZED_AUTOS = YES_AGGRESSIVE;
				GCC_WARN_UNUSED_FUNCTION = YES;
				GCC_WARN_UNUSED_VARIABLE = YES;
				IPHONEOS_DEPLOYMENT_TARGET = 16.2;
				MTL_ENABLE_DEBUG_INFO = INCLUDE_SOURCE;
				MTL_FAST_MATH = YES;
				ONLY_ACTIVE_ARCH = YES;
				SDKROOT = iphoneos;
				SWIFT_ACTIVE_COMPILATION_CONDITIONS = DEBUG;
				SWIFT_OPTIMIZATION_LEVEL = "-Onone";
			};
			name = Debug;
		};
		0A9D434A29B0D33700BAFE54 /* Release */ = {
			isa = XCBuildConfiguration;
			buildSettings = {
				ALWAYS_SEARCH_USER_PATHS = NO;
				CLANG_ANALYZER_NONNULL = YES;
				CLANG_ANALYZER_NUMBER_OBJECT_CONVERSION = YES_AGGRESSIVE;
				CLANG_CXX_LANGUAGE_STANDARD = "gnu++20";
				CLANG_ENABLE_MODULES = YES;
				CLANG_ENABLE_OBJC_ARC = YES;
				CLANG_ENABLE_OBJC_WEAK = YES;
				CLANG_WARN_BLOCK_CAPTURE_AUTORELEASING = YES;
				CLANG_WARN_BOOL_CONVERSION = YES;
				CLANG_WARN_COMMA = YES;
				CLANG_WARN_CONSTANT_CONVERSION = YES;
				CLANG_WARN_DEPRECATED_OBJC_IMPLEMENTATIONS = YES;
				CLANG_WARN_DIRECT_OBJC_ISA_USAGE = YES_ERROR;
				CLANG_WARN_DOCUMENTATION_COMMENTS = YES;
				CLANG_WARN_EMPTY_BODY = YES;
				CLANG_WARN_ENUM_CONVERSION = YES;
				CLANG_WARN_INFINITE_RECURSION = YES;
				CLANG_WARN_INT_CONVERSION = YES;
				CLANG_WARN_NON_LITERAL_NULL_CONVERSION = YES;
				CLANG_WARN_OBJC_IMPLICIT_RETAIN_SELF = YES;
				CLANG_WARN_OBJC_LITERAL_CONVERSION = YES;
				CLANG_WARN_OBJC_ROOT_CLASS = YES_ERROR;
				CLANG_WARN_QUOTED_INCLUDE_IN_FRAMEWORK_HEADER = YES;
				CLANG_WARN_RANGE_LOOP_ANALYSIS = YES;
				CLANG_WARN_STRICT_PROTOTYPES = YES;
				CLANG_WARN_SUSPICIOUS_MOVE = YES;
				CLANG_WARN_UNGUARDED_AVAILABILITY = YES_AGGRESSIVE;
				CLANG_WARN_UNREACHABLE_CODE = YES;
				CLANG_WARN__DUPLICATE_METHOD_MATCH = YES;
				COPY_PHASE_STRIP = NO;
				DEBUG_INFORMATION_FORMAT = "dwarf-with-dsym";
				ENABLE_NS_ASSERTIONS = NO;
				ENABLE_STRICT_OBJC_MSGSEND = YES;
				GCC_C_LANGUAGE_STANDARD = gnu11;
				GCC_NO_COMMON_BLOCKS = YES;
				GCC_WARN_64_TO_32_BIT_CONVERSION = YES;
				GCC_WARN_ABOUT_RETURN_TYPE = YES_ERROR;
				GCC_WARN_UNDECLARED_SELECTOR = YES;
				GCC_WARN_UNINITIALIZED_AUTOS = YES_AGGRESSIVE;
				GCC_WARN_UNUSED_FUNCTION = YES;
				GCC_WARN_UNUSED_VARIABLE = YES;
				IPHONEOS_DEPLOYMENT_TARGET = 16.2;
				MTL_ENABLE_DEBUG_INFO = NO;
				MTL_FAST_MATH = YES;
				SDKROOT = iphoneos;
				SWIFT_COMPILATION_MODE = wholemodule;
				SWIFT_OPTIMIZATION_LEVEL = "-O";
				VALIDATE_PRODUCT = YES;
			};
			name = Release;
		};
		0A9D434C29B0D33700BAFE54 /* Debug */ = {
			isa = XCBuildConfiguration;
			buildSettings = {
				ASSETCATALOG_COMPILER_APPICON_NAME = AppIcon;
				ASSETCATALOG_COMPILER_GLOBAL_ACCENT_COLOR_NAME = AccentColor;
				CODE_SIGN_STYLE = Automatic;
				CURRENT_PROJECT_VERSION = 1;
				DEVELOPMENT_ASSET_PATHS = "\"WeatherApp/Preview Content\"";
				DEVELOPMENT_TEAM = 3FV5J94G7D;
				ENABLE_PREVIEWS = YES;
				GENERATE_INFOPLIST_FILE = YES;
				INFOPLIST_FILE = "";
				INFOPLIST_KEY_NSLocationWhenInUseUsageDescription = "Allow when in usage to see weather in your location";
				INFOPLIST_KEY_UIApplicationSceneManifest_Generation = YES;
				INFOPLIST_KEY_UIApplicationSupportsIndirectInputEvents = YES;
				INFOPLIST_KEY_UILaunchScreen_Generation = YES;
				INFOPLIST_KEY_UISupportedInterfaceOrientations_iPad = "UIInterfaceOrientationPortrait UIInterfaceOrientationPortraitUpsideDown UIInterfaceOrientationLandscapeLeft UIInterfaceOrientationLandscapeRight";
				INFOPLIST_KEY_UISupportedInterfaceOrientations_iPhone = "UIInterfaceOrientationPortrait UIInterfaceOrientationLandscapeLeft UIInterfaceOrientationLandscapeRight";
				LD_RUNPATH_SEARCH_PATHS = (
					"$(inherited)",
					"@executable_path/Frameworks",
				);
				MARKETING_VERSION = 1.0;
				PRODUCT_BUNDLE_IDENTIFIER = com.maxkup19.WeatherApp;
				PRODUCT_NAME = "$(TARGET_NAME)";
				SWIFT_EMIT_LOC_STRINGS = YES;
				SWIFT_VERSION = 5.0;
				TARGETED_DEVICE_FAMILY = "1,2";
			};
			name = Debug;
		};
		0A9D434D29B0D33700BAFE54 /* Release */ = {
			isa = XCBuildConfiguration;
			buildSettings = {
				ASSETCATALOG_COMPILER_APPICON_NAME = AppIcon;
				ASSETCATALOG_COMPILER_GLOBAL_ACCENT_COLOR_NAME = AccentColor;
				CODE_SIGN_STYLE = Automatic;
				CURRENT_PROJECT_VERSION = 1;
				DEVELOPMENT_ASSET_PATHS = "\"WeatherApp/Preview Content\"";
				DEVELOPMENT_TEAM = 3FV5J94G7D;
				ENABLE_PREVIEWS = YES;
				GENERATE_INFOPLIST_FILE = YES;
				INFOPLIST_FILE = "";
				INFOPLIST_KEY_NSLocationWhenInUseUsageDescription = "Allow when in usage to see weather in your location";
				INFOPLIST_KEY_UIApplicationSceneManifest_Generation = YES;
				INFOPLIST_KEY_UIApplicationSupportsIndirectInputEvents = YES;
				INFOPLIST_KEY_UILaunchScreen_Generation = YES;
				INFOPLIST_KEY_UISupportedInterfaceOrientations_iPad = "UIInterfaceOrientationPortrait UIInterfaceOrientationPortraitUpsideDown UIInterfaceOrientationLandscapeLeft UIInterfaceOrientationLandscapeRight";
				INFOPLIST_KEY_UISupportedInterfaceOrientations_iPhone = "UIInterfaceOrientationPortrait UIInterfaceOrientationLandscapeLeft UIInterfaceOrientationLandscapeRight";
				LD_RUNPATH_SEARCH_PATHS = (
					"$(inherited)",
					"@executable_path/Frameworks",
				);
				MARKETING_VERSION = 1.0;
				PRODUCT_BUNDLE_IDENTIFIER = com.maxkup19.WeatherApp;
				PRODUCT_NAME = "$(TARGET_NAME)";
				SWIFT_EMIT_LOC_STRINGS = YES;
				SWIFT_VERSION = 5.0;
				TARGETED_DEVICE_FAMILY = "1,2";
			};
			name = Release;
		};
/* End XCBuildConfiguration section */

/* Begin XCConfigurationList section */
		0A9D433829B0D33500BAFE54 /* Build configuration list for PBXProject "WeatherApp" */ = {
			isa = XCConfigurationList;
			buildConfigurations = (
				0A9D434929B0D33700BAFE54 /* Debug */,
				0A9D434A29B0D33700BAFE54 /* Release */,
			);
			defaultConfigurationIsVisible = 0;
			defaultConfigurationName = Release;
		};
		0A9D434B29B0D33700BAFE54 /* Build configuration list for PBXNativeTarget "WeatherApp" */ = {
			isa = XCConfigurationList;
			buildConfigurations = (
				0A9D434C29B0D33700BAFE54 /* Debug */,
				0A9D434D29B0D33700BAFE54 /* Release */,
			);
			defaultConfigurationIsVisible = 0;
			defaultConfigurationName = Release;
		};
/* End XCConfigurationList section */

/* Begin XCRemoteSwiftPackageReference section */
		0A9D436A29B0E92800BAFE54 /* XCRemoteSwiftPackageReference "swiftui-cached-async-image" */ = {
			isa = XCRemoteSwiftPackageReference;
			repositoryURL = "https://github.com/lorenzofiamingo/swiftui-cached-async-image";
			requirement = {
				kind = upToNextMajorVersion;
				minimumVersion = 2.0.0;
			};
		};
/* End XCRemoteSwiftPackageReference section */

/* Begin XCSwiftPackageProductDependency section */
		0A9D436B29B0E92800BAFE54 /* CachedAsyncImage */ = {
			isa = XCSwiftPackageProductDependency;
			package = 0A9D436A29B0E92800BAFE54 /* XCRemoteSwiftPackageReference "swiftui-cached-async-image" */;
			productName = CachedAsyncImage;
		};
/* End XCSwiftPackageProductDependency section */
	};
	rootObject = 0A9D433529B0D33500BAFE54 /* Project object */;
}
